github.com/earthly/cloud-api v1.0.1-0.20221201210730-b407492c9901 h1:HBmy3zsOcRrZzL6uCJKgENXvHFfcFIyXZyrLvYoYtR4=
github.com/earthly/cloud-api v1.0.1-0.20221201210730-b407492c9901/go.mod h1:38rj6sccWnuk+C981DeFFomBmAtwuuvchoPrXdKXi2I=
github.com/earthly/cloud-api v1.0.1-0.20231027183434-d79534194d95 h1:stFmLhGY7dbf4UhBtbMIN+oaIMEDZez/epwHt7g6MqM=
github.com/earthly/cloud-api v1.0.1-0.20231027183434-d79534194d95/go.mod h1:rU/tYJ7GFBjdKAITV2heDbez++glpGSbtJaZcp73rNI=
github.com/earthly/cloud-api v1.0.1-0.20240109224637-d374ffd93463 h1:avPg8xiv9HSeQ0mBWX6AoUOf2CZRuXYscB/AUqQRmfc=
github.com/earthly/cloud-api v1.0.1-0.20240109224637-d374ffd93463/go.mod h1:rU/tYJ7GFBjdKAITV2heDbez++glpGSbtJaZcp73rNI=
github.com/earthly/cloud-api v1.0.1-0.20240202015256-8e04f321c470 h1:meTGm4XI4XtcVatx5LePSSjf1bmHQaE7TTUPT2m21Z0=
github.com/earthly/cloud-api v1.0.1-0.20240202015256-8e04f321c470/go.mod h1:rU/tYJ7GFBjdKAITV2heDbez++glpGSbtJaZcp73rNI=
github.com/earthly/cloud-api v1.0.1-0.20240202022707-2e046f82d1df h1:b7iT0tlIjgnvUY8FmFCX0kCy/IFgRHp4mqKTF2WJikw=
github.com/earthly/cloud-api v1.0.1-0.20240202022707-2e046f82d1df/go.mod h1:rU/tYJ7GFBjdKAITV2heDbez++glpGSbtJaZcp73rNI=
github.com/earthly/cloud-api v1.0.1-0.20240216175649-9c937bc41efb h1:lYdDcDqqEQ7QNNU3BPr8Pfs8M8caOfa8ctZvByNTc1Y=
github.com/earthly/cloud-api v1.0.1-0.20240216175649-9c937bc41efb/go.mod h1:rU/tYJ7GFBjdKAITV2heDbez++glpGSbtJaZcp73rNI=
github.com/golang/glog v1.1.0 h1:/d3pCKDPWNnvIWe0vVUpNP32qc8U3PDVxySP/y360qE=
github.com/golang/glog v1.1.0/go.mod h1:pfYeQZ3JWZoXTV5sFc986z3HTpwQs9At6P4ImfuP3NQ=
github.com/golang/protobuf v1.5.0/go.mod h1:FsONVRAS9T7sI+LIUmWTfcYkHO4aIWwzhcaSAoJOfIk=
github.com/golang/protobuf v1.5.3 h1:KhyjKVUg7Usr/dYsdSqoFveMYd5ko72D+zANwlG1mmg=
github.com/golang/protobuf v1.5.3/go.mod h1:XVQd3VNwM+JqD3oG2Ue2ip4fOMUkwXdXDdiuN0vRsmY=
github.com/google/go-cmp v0.5.5/go.mod h1:v8dTdLbMG2kIc/vJvl+f65V22dbkXbowE6jgT/gNBxE=
github.com/google/go-cmp v0.5.9 h1:O2Tfq5qg4qc4AmwVlvv0oLiVAGB7enBSJ2x2DqQFi38=
github.com/google/go-cmp v0.5.9/go.mod h1:17dUlkBOakJ0+DkrSSNjCkIjxS6bF9zb3elmeNGIjoY=
github.com/grpc-ecosystem/grpc-gateway/v2 v2.15.1 h1:I6ITHEanAwjB0FvaxmGm8pKqmCLR7QIe05ZmO4QAXMw=
github.com/grpc-ecosystem/grpc-gateway/v2 v2.15.1/go.mod h1:gYC+WX4YJFarA2ie73G2epzt7TBWpo9pzcBnK1g0MSw=
golang.org/x/net v0.17.0 h1:pVaXccu2ozPjCXewfr1S7xza/zcXTity9cCdXQYSjIM=
golang.org/x/net v0.17.0/go.mod h1:NxSsAGuq816PNPmqtQdLE42eU2Fs7NoRIZrHJAlaCOE=
golang.org/x/sys v0.13.0 h1:Af8nKPmuFypiUBjVoU9V20FiaFXOcuZI21p0ycVYYGE=
golang.org/x/sys v0.13.0/go.mod h1:oPkhp1MJrh7nUepCBck5+mAzfO9JrbApNNgaTdGDITg=
golang.org/x/text v0.13.0 h1:ablQoSUd0tRdKxZewP80B+BaqeKJuVhuRxj/dkrun3k=
golang.org/x/text v0.13.0/go.mod h1:TvPlkZtksWOMsz7fbANvkp4WM8x/WCo/om8BMLbz+aE=
golang.org/x/xerrors v0.0.0-20191204190536-9bdfabe68543/go.mod h1:I/5z698sn9Ka8TeJc9MKroUUfqBBauWjQqLJ2OPfmY0=
google.golang.org/genproto v0.0.0-20230410155749-daa745c078e1 h1:KpwkzHKEF7B9Zxg18WzOa7djJ+Ha5DzthMyZYQfEn2A=
google.golang.org/genproto v0.0.0-20230410155749-daa745c078e1/go.mod h1:nKE/iIaLqn2bQwXBg8f1g2Ylh6r5MN5CmZvuzZCgsCU=
google.golang.org/grpc v1.56.3 h1:8I4C0Yq1EjstUzUJzpcRVbuYA2mODtEmpWiQoN/b2nc=
google.golang.org/grpc v1.56.3/go.mod h1:I9bI3vqKfayGqPUAwGdOSu7kt6oIJLixfffKrpXqQ9s=
google.golang.org/protobuf v1.26.0-rc.1/go.mod h1:jlhhOSvTdKEhbULTjvd4ARK9grFBp09yW+WbY/TyQbw=
google.golang.org/protobuf v1.26.0/go.mod h1:9q0QmTI4eRPtz6boOQmLYwt+qCgq0jsYwAQnmE0givc=
google.golang.org/protobuf v1.30.0 h1:kPPoIgf3TsEvrm0PFe15JQ+570QVxYzEvvHqChK+cng=
google.golang.org/protobuf v1.30.0/go.mod h1:HV8QOd/L58Z+nl8r43ehVNZIU/HEI6OcFqwMG9pJV4I=
